
Microsoft Visual Studio Solution File, Format Version 12.00
# Visual Studio Version 17
VisualStudioVersion = 17.2.32630.192
MinimumVisualStudioVersion = 10.0.40219.1
Project("{9A19103F-16F7-4668-BE54-9A1E7A4F7556}") = "AutomationShopHub", "AutomationShopHub\AutomationShopHub.csproj", "{69A1AF74-FE4F-416D-8E94-523DA5C9684D}"
EndProject
Project("{9A19103F-16F7-4668-BE54-9A1E7A4F7556}") = "AutomationShopHub.Infrastructure", "AutomationShopHub.Infrastructure\AutomationShopHub.Infrastructure.csproj", "{D3A86BF4-9B29-4E7B-A765-CE97029DBF58}"
EndProject
Project("{9A19103F-16F7-4668-BE54-9A1E7A4F7556}") = "AutomationShopHub.Core", "AutomationShopHub.Core\AutomationShopHub.Core.csproj", "{D2CCCC20-1616-4315-9515-2D5C161DE21E}"
EndProject
Project("{FAE04EC0-301F-11D3-BF4B-00C04F79EFBC}") = "AutomationShopHub.UnitTests", "AutomationShopHub.UnitTests\AutomationShopHub.UnitTests.csproj", "{562B8F53-CC46-4C2C-9C8D-B7113F116E14}"
EndProject
Global
	GlobalSection(SolutionConfigurationPlatforms) = preSolution
		Debug|Any CPU = Debug|Any CPU
		Release|Any CPU = Release|Any CPU
	EndGlobalSection
	GlobalSection(ProjectConfigurationPlatforms) = postSolution
		{69A1AF74-FE4F-416D-8E94-523DA5C9684D}.Debug|Any CPU.ActiveCfg = Debug|Any CPU
		{69A1AF74-FE4F-416D-8E94-523DA5C9684D}.Debug|Any CPU.Build.0 = Debug|Any CPU
		{69A1AF74-FE4F-416D-8E94-523DA5C9684D}.Release|Any CPU.ActiveCfg = Release|Any CPU
		{69A1AF74-FE4F-416D-8E94-523DA5C9684D}.Release|Any CPU.Build.0 = Release|Any CPU
		{D3A86BF4-9B29-4E7B-A765-CE97029DBF58}.Debug|Any CPU.ActiveCfg = Debug|Any CPU
		{D3A86BF4-9B29-4E7B-A765-CE97029DBF58}.Debug|Any CPU.Build.0 = Debug|Any CPU
		{D3A86BF4-9B29-4E7B-A765-CE97029DBF58}.Release|Any CPU.ActiveCfg = Release|Any CPU
		{D3A86BF4-9B29-4E7B-A765-CE97029DBF58}.Release|Any CPU.Build.0 = Release|Any CPU
		{D2CCCC20-1616-4315-9515-2D5C161DE21E}.Debug|Any CPU.ActiveCfg = Debug|Any CPU
		{D2CCCC20-1616-4315-9515-2D5C161DE21E}.Debug|Any CPU.Build.0 = Debug|Any CPU
		{D2CCCC20-1616-4315-9515-2D5C161DE21E}.Release|Any CPU.ActiveCfg = Release|Any CPU
		{D2CCCC20-1616-4315-9515-2D5C161DE21E}.Release|Any CPU.Build.0 = Release|Any CPU
		{562B8F53-CC46-4C2C-9C8D-B7113F116E14}.Debug|Any CPU.ActiveCfg = Debug|Any CPU
		{562B8F53-CC46-4C2C-9C8D-B7113F116E14}.Debug|Any CPU.Build.0 = Debug|Any CPU
		{562B8F53-CC46-4C2C-9C8D-B7113F116E14}.Release|Any CPU.ActiveCfg = Release|Any CPU
		{562B8F53-CC46-4C2C-9C8D-B7113F116E14}.Release|Any CPU.Build.0 = Release|Any CPU
	EndGlobalSection
	GlobalSection(SolutionProperties) = preSolution
		HideSolutionNode = FALSE
	EndGlobalSection
	GlobalSection(ExtensibilityGlobals) = postSolution
		SolutionGuid = {6EBA419B-1CD6-4B53-9644-3504CF18C4F0}
	EndGlobalSection
EndGlobal
